<?xml version="1.0" encoding="utf-8"?>
<Project ToolsVersion="4.0" xmlns="http://schemas.microsoft.com/developer/msbuild/2003">
  <ItemGroup>
    <ClCompile Include="connectionmanager.cpp" />
    <ClCompile Include="httpsrequest.cpp" />
    <ClCompile Include="psiclient.cpp" />
    <ClCompile Include="sessioninfo.cpp" />
    <ClCompile Include="stdafx.cpp" />
    <ClCompile Include="systemproxysettings.cpp" />
    <ClCompile Include="usersettings.cpp" />
    <ClCompile Include="webbrowser.cpp" />
    <ClCompile Include="3rdParty\zlib\adler32.c">
      <Filter>3rdParty\zlib</Filter>
    </ClCompile>
    <ClCompile Include="3rdParty\zlib\crc32.c">
      <Filter>3rdParty\zlib</Filter>
    </ClCompile>
    <ClCompile Include="3rdParty\zlib\inffast.c">
      <Filter>3rdParty\zlib</Filter>
    </ClCompile>
    <ClCompile Include="3rdParty\zlib\inflate.c">
      <Filter>3rdParty\zlib</Filter>
    </ClCompile>
    <ClCompile Include="3rdParty\zlib\inftrees.c">
      <Filter>3rdParty\zlib</Filter>
    </ClCompile>
    <ClCompile Include="3rdParty\zlib\zutil.c">
      <Filter>3rdParty\zlib</Filter>
    </ClCompile>
    <ClCompile Include="transport.cpp" />
    <ClCompile Include="vpntransport.cpp" />
    <ClCompile Include="transport_registry.cpp" />
    <ClCompile Include="serverlist.cpp" />
    <ClCompile Include="local_proxy.cpp" />
    <ClCompile Include="utilities.cpp" />
    <ClCompile Include="worker_thread.cpp" />
    <ClCompile Include="server_request.cpp" />
    <ClCompile Include="transport_connection.cpp" />
    <ClCompile Include="authenticated_data_package.cpp" />
    <ClCompile Include="htmldlg.cpp">
      <Filter>WebCtrl</Filter>
    </ClCompile>
    <ClCompile Include="server_list_reordering.cpp" />
    <ClCompile Include="stopsignal.cpp" />
    <ClCompile Include="diagnostic_info.cpp" />
    <ClCompile Include="wininet_network_check.cpp" />
    <ClCompile Include="coretransport.cpp" />
    <ClCompile Include="logging.cpp" />
    <ClCompile Include="3rdParty\jsoncpp\jsoncpp.cpp">
      <Filter>3rdParty\jsoncpp</Filter>
    </ClCompile>
  </ItemGroup>
  <ItemGroup>
    <ClInclude Include="config.h" />
    <ClInclude Include="connectionmanager.h" />
    <ClInclude Include="embeddedvalues.h" />
    <ClInclude Include="httpsrequest.h" />
    <ClInclude Include="psiclient.h" />
    <ClInclude Include="resource.h" />
    <ClInclude Include="sessioninfo.h" />
    <ClInclude Include="stdafx.h" />
    <ClInclude Include="systemproxysettings.h" />
    <ClInclude Include="targetver.h" />
    <ClInclude Include="tstring.h" />
    <ClInclude Include="usersettings.h" />
    <ClInclude Include="webbrowser.h" />
    <ClInclude Include="3rdParty\zlib\crc32.h">
      <Filter>3rdParty\zlib</Filter>
    </ClInclude>
    <ClInclude Include="3rdParty\zlib\inffast.h">
      <Filter>3rdParty\zlib</Filter>
    </ClInclude>
    <ClInclude Include="3rdParty\zlib\inffixed.h">
      <Filter>3rdParty\zlib</Filter>
    </ClInclude>
    <ClInclude Include="3rdParty\zlib\inflate.h">
      <Filter>3rdParty\zlib</Filter>
    </ClInclude>
    <ClInclude Include="3rdParty\zlib\inftrees.h">
      <Filter>3rdParty\zlib</Filter>
    </ClInclude>
    <ClInclude Include="3rdParty\zlib\zconf.h">
      <Filter>3rdParty\zlib</Filter>
    </ClInclude>
    <ClInclude Include="3rdParty\zlib\zlib.h">
      <Filter>3rdParty\zlib</Filter>
    </ClInclude>
    <ClInclude Include="3rdParty\zlib\zutil.h">
      <Filter>3rdParty\zlib</Filter>
    </ClInclude>
    <ClInclude Include="transport.h" />
    <ClInclude Include="vpntransport.h" />
    <ClInclude Include="transport_registry.h" />
    <ClInclude Include="serverlist.h" />
    <ClInclude Include="local_proxy.h" />
    <ClInclude Include="utilities.h" />
    <ClInclude Include="worker_thread.h" />
    <ClInclude Include="limitsingleinstance.h" />
    <ClInclude Include="server_request.h" />
    <ClInclude Include="transport_connection.h" />
    <ClInclude Include="3rdParty\cryptopp\3way.h">
      <Filter>3rdParty\cryptopp</Filter>
    </ClInclude>
    <ClInclude Include="3rdParty\cryptopp\adler32.h">
      <Filter>3rdParty\cryptopp</Filter>
    </ClInclude>
    <ClInclude Include="3rdParty\cryptopp\aes.h">
      <Filter>3rdParty\cryptopp</Filter>
    </ClInclude>
    <ClInclude Include="3rdParty\cryptopp\algebra.h">
      <Filter>3rdParty\cryptopp</Filter>
    </ClInclude>
    <ClInclude Include="3rdParty\cryptopp\algparam.h">
      <Filter>3rdParty\cryptopp</Filter>
    </ClInclude>
    <ClInclude Include="3rdParty\cryptopp\arc4.h">
      <Filter>3rdParty\cryptopp</Filter>
    </ClInclude>
    <ClInclude Include="3rdParty\cryptopp\argnames.h">
      <Filter>3rdParty\cryptopp</Filter>
    </ClInclude>
    <ClInclude Include="3rdParty\cryptopp\asn.h">
      <Filter>3rdParty\cryptopp</Filter>
    </ClInclude>
    <ClInclude Include="3rdParty\cryptopp\authenc.h">
      <Filter>3rdParty\cryptopp</Filter>
    </ClInclude>
    <ClInclude Include="3rdParty\cryptopp\base32.h">
      <Filter>3rdParty\cryptopp</Filter>
    </ClInclude>
    <ClInclude Include="3rdParty\cryptopp\base64.h">
      <Filter>3rdParty\cryptopp</Filter>
    </ClInclude>
    <ClInclude Include="3rdParty\cryptopp\basecode.h">
      <Filter>3rdParty\cryptopp</Filter>
    </ClInclude>
    <ClInclude Include="3rdParty\cryptopp\bench.h">
      <Filter>3rdParty\cryptopp</Filter>
    </ClInclude>
    <ClInclude Include="3rdParty\cryptopp\blowfish.h">
      <Filter>3rdParty\cryptopp</Filter>
    </ClInclude>
    <ClInclude Include="3rdParty\cryptopp\blumshub.h">
      <Filter>3rdParty\cryptopp</Filter>
    </ClInclude>
    <ClInclude Include="3rdParty\cryptopp\camellia.h">
      <Filter>3rdParty\cryptopp</Filter>
    </ClInclude>
    <ClInclude Include="3rdParty\cryptopp\cast.h">
      <Filter>3rdParty\cryptopp</Filter>
    </ClInclude>
    <ClInclude Include="3rdParty\cryptopp\cbcmac.h">
      <Filter>3rdParty\cryptopp</Filter>
    </ClInclude>
    <ClInclude Include="3rdParty\cryptopp\ccm.h">
      <Filter>3rdParty\cryptopp</Filter>
    </ClInclude>
    <ClInclude Include="3rdParty\cryptopp\channels.h">
      <Filter>3rdParty\cryptopp</Filter>
    </ClInclude>
    <ClInclude Include="3rdParty\cryptopp\cmac.h">
      <Filter>3rdParty\cryptopp</Filter>
    </ClInclude>
    <ClInclude Include="3rdParty\cryptopp\config.h">
      <Filter>3rdParty\cryptopp</Filter>
    </ClInclude>
    <ClInclude Include="3rdParty\cryptopp\cpu.h">
      <Filter>3rdParty\cryptopp</Filter>
    </ClInclude>
    <ClInclude Include="3rdParty\cryptopp\crc.h">
      <Filter>3rdParty\cryptopp</Filter>
    </ClInclude>
    <ClInclude Include="3rdParty\cryptopp\cryptlib.h">
      <Filter>3rdParty\cryptopp</Filter>
    </ClInclude>
    <ClInclude Include="3rdParty\cryptopp\default.h">
      <Filter>3rdParty\cryptopp</Filter>
    </ClInclude>
    <ClInclude Include="3rdParty\cryptopp\des.h">
      <Filter>3rdParty\cryptopp</Filter>
    </ClInclude>
    <ClInclude Include="3rdParty\cryptopp\dh.h">
      <Filter>3rdParty\cryptopp</Filter>
    </ClInclude>
    <ClInclude Include="3rdParty\cryptopp\dh2.h">
      <Filter>3rdParty\cryptopp</Filter>
    </ClInclude>
    <ClInclude Include="3rdParty\cryptopp\dll.h">
      <Filter>3rdParty\cryptopp</Filter>
    </ClInclude>
    <ClInclude Include="3rdParty\cryptopp\dmac.h">
      <Filter>3rdParty\cryptopp</Filter>
    </ClInclude>
    <ClInclude Include="3rdParty\cryptopp\dsa.h">
      <Filter>3rdParty\cryptopp</Filter>
    </ClInclude>
    <ClInclude Include="3rdParty\cryptopp\eax.h">
      <Filter>3rdParty\cryptopp</Filter>
    </ClInclude>
    <ClInclude Include="3rdParty\cryptopp\ec2n.h">
      <Filter>3rdParty\cryptopp</Filter>
    </ClInclude>
    <ClInclude Include="3rdParty\cryptopp\eccrypto.h">
      <Filter>3rdParty\cryptopp</Filter>
    </ClInclude>
    <ClInclude Include="3rdParty\cryptopp\ecp.h">
      <Filter>3rdParty\cryptopp</Filter>
    </ClInclude>
    <ClInclude Include="3rdParty\cryptopp\elgamal.h">
      <Filter>3rdParty\cryptopp</Filter>
    </ClInclude>
    <ClInclude Include="3rdParty\cryptopp\emsa2.h">
      <Filter>3rdParty\cryptopp</Filter>
    </ClInclude>
    <ClInclude Include="3rdParty\cryptopp\eprecomp.h">
      <Filter>3rdParty\cryptopp</Filter>
    </ClInclude>
    <ClInclude Include="3rdParty\cryptopp\esign.h">
      <Filter>3rdParty\cryptopp</Filter>
    </ClInclude>
    <ClInclude Include="3rdParty\cryptopp\factory.h">
      <Filter>3rdParty\cryptopp</Filter>
    </ClInclude>
    <ClInclude Include="3rdParty\cryptopp\files.h">
      <Filter>3rdParty\cryptopp</Filter>
    </ClInclude>
    <ClInclude Include="3rdParty\cryptopp\filters.h">
      <Filter>3rdParty\cryptopp</Filter>
    </ClInclude>
    <ClInclude Include="3rdParty\cryptopp\fips140.h">
      <Filter>3rdParty\cryptopp</Filter>
    </ClInclude>
    <ClInclude Include="3rdParty\cryptopp\fltrimpl.h">
      <Filter>3rdParty\cryptopp</Filter>
    </ClInclude>
    <ClInclude Include="3rdParty\cryptopp\gcm.h">
      <Filter>3rdParty\cryptopp</Filter>
    </ClInclude>
    <ClInclude Include="3rdParty\cryptopp\gf2_32.h">
      <Filter>3rdParty\cryptopp</Filter>
    </ClInclude>
    <ClInclude Include="3rdParty\cryptopp\gf2n.h">
      <Filter>3rdParty\cryptopp</Filter>
    </ClInclude>
    <ClInclude Include="3rdParty\cryptopp\gf256.h">
      <Filter>3rdParty\cryptopp</Filter>
    </ClInclude>
    <ClInclude Include="3rdParty\cryptopp\gfpcrypt.h">
      <Filter>3rdParty\cryptopp</Filter>
    </ClInclude>
    <ClInclude Include="3rdParty\cryptopp\gost.h">
      <Filter>3rdParty\cryptopp</Filter>
    </ClInclude>
    <ClInclude Include="3rdParty\cryptopp\gzip.h">
      <Filter>3rdParty\cryptopp</Filter>
    </ClInclude>
    <ClInclude Include="3rdParty\cryptopp\hex.h">
      <Filter>3rdParty\cryptopp</Filter>
    </ClInclude>
    <ClInclude Include="3rdParty\cryptopp\hmac.h">
      <Filter>3rdParty\cryptopp</Filter>
    </ClInclude>
    <ClInclude Include="3rdParty\cryptopp\hrtimer.h">
      <Filter>3rdParty\cryptopp</Filter>
    </ClInclude>
    <ClInclude Include="3rdParty\cryptopp\ida.h">
      <Filter>3rdParty\cryptopp</Filter>
    </ClInclude>
    <ClInclude Include="3rdParty\cryptopp\idea.h">
      <Filter>3rdParty\cryptopp</Filter>
    </ClInclude>
    <ClInclude Include="3rdParty\cryptopp\integer.h">
      <Filter>3rdParty\cryptopp</Filter>
    </ClInclude>
    <ClInclude Include="3rdParty\cryptopp\iterhash.h">
      <Filter>3rdParty\cryptopp</Filter>
    </ClInclude>
    <ClInclude Include="3rdParty\cryptopp\lubyrack.h">
      <Filter>3rdParty\cryptopp</Filter>
    </ClInclude>
    <ClInclude Include="3rdParty\cryptopp\luc.h">
      <Filter>3rdParty\cryptopp</Filter>
    </ClInclude>
    <ClInclude Include="3rdParty\cryptopp\mars.h">
      <Filter>3rdParty\cryptopp</Filter>
    </ClInclude>
    <ClInclude Include="3rdParty\cryptopp\md2.h">
      <Filter>3rdParty\cryptopp</Filter>
    </ClInclude>
    <ClInclude Include="3rdParty\cryptopp\md4.h">
      <Filter>3rdParty\cryptopp</Filter>
    </ClInclude>
    <ClInclude Include="3rdParty\cryptopp\md5.h">
      <Filter>3rdParty\cryptopp</Filter>
    </ClInclude>
    <ClInclude Include="3rdParty\cryptopp\mdc.h">
      <Filter>3rdParty\cryptopp</Filter>
    </ClInclude>
    <ClInclude Include="3rdParty\cryptopp\misc.h">
      <Filter>3rdParty\cryptopp</Filter>
    </ClInclude>
    <ClInclude Include="3rdParty\cryptopp\modarith.h">
      <Filter>3rdParty\cryptopp</Filter>
    </ClInclude>
    <ClInclude Include="3rdParty\cryptopp\modes.h">
      <Filter>3rdParty\cryptopp</Filter>
    </ClInclude>
    <ClInclude Include="3rdParty\cryptopp\modexppc.h">
      <Filter>3rdParty\cryptopp</Filter>
    </ClInclude>
    <ClInclude Include="3rdParty\cryptopp\mqueue.h">
      <Filter>3rdParty\cryptopp</Filter>
    </ClInclude>
    <ClInclude Include="3rdParty\cryptopp\mqv.h">
      <Filter>3rdParty\cryptopp</Filter>
    </ClInclude>
    <ClInclude Include="3rdParty\cryptopp\nbtheory.h">
      <Filter>3rdParty\cryptopp</Filter>
    </ClInclude>
    <ClInclude Include="3rdParty\cryptopp\network.h">
      <Filter>3rdParty\cryptopp</Filter>
    </ClInclude>
    <ClInclude Include="3rdParty\cryptopp\nr.h">
      <Filter>3rdParty\cryptopp</Filter>
    </ClInclude>
    <ClInclude Include="3rdParty\cryptopp\oaep.h">
      <Filter>3rdParty\cryptopp</Filter>
    </ClInclude>
    <ClInclude Include="3rdParty\cryptopp\oids.h">
      <Filter>3rdParty\cryptopp</Filter>
    </ClInclude>
    <ClInclude Include="3rdParty\cryptopp\osrng.h">
      <Filter>3rdParty\cryptopp</Filter>
    </ClInclude>
    <ClInclude Include="3rdParty\cryptopp\panama.h">
      <Filter>3rdParty\cryptopp</Filter>
    </ClInclude>
    <ClInclude Include="3rdParty\cryptopp\pch.h">
      <Filter>3rdParty\cryptopp</Filter>
    </ClInclude>
    <ClInclude Include="3rdParty\cryptopp\pkcspad.h">
      <Filter>3rdParty\cryptopp</Filter>
    </ClInclude>
    <ClInclude Include="3rdParty\cryptopp\polynomi.h">
      <Filter>3rdParty\cryptopp</Filter>
    </ClInclude>
    <ClInclude Include="3rdParty\cryptopp\pssr.h">
      <Filter>3rdParty\cryptopp</Filter>
    </ClInclude>
    <ClInclude Include="3rdParty\cryptopp\pubkey.h">
      <Filter>3rdParty\cryptopp</Filter>
    </ClInclude>
    <ClInclude Include="3rdParty\cryptopp\pwdbased.h">
      <Filter>3rdParty\cryptopp</Filter>
    </ClInclude>
    <ClInclude Include="3rdParty\cryptopp\queue.h">
      <Filter>3rdParty\cryptopp</Filter>
    </ClInclude>
    <ClInclude Include="3rdParty\cryptopp\rabin.h">
      <Filter>3rdParty\cryptopp</Filter>
    </ClInclude>
    <ClInclude Include="3rdParty\cryptopp\randpool.h">
      <Filter>3rdParty\cryptopp</Filter>
    </ClInclude>
    <ClInclude Include="3rdParty\cryptopp\rc2.h">
      <Filter>3rdParty\cryptopp</Filter>
    </ClInclude>
    <ClInclude Include="3rdParty\cryptopp\rc5.h">
      <Filter>3rdParty\cryptopp</Filter>
    </ClInclude>
    <ClInclude Include="3rdParty\cryptopp\rc6.h">
      <Filter>3rdParty\cryptopp</Filter>
    </ClInclude>
    <ClInclude Include="3rdParty\cryptopp\resource.h">
      <Filter>3rdParty\cryptopp</Filter>
    </ClInclude>
    <ClInclude Include="3rdParty\cryptopp\rijndael.h">
      <Filter>3rdParty\cryptopp</Filter>
    </ClInclude>
    <ClInclude Include="3rdParty\cryptopp\ripemd.h">
      <Filter>3rdParty\cryptopp</Filter>
    </ClInclude>
    <ClInclude Include="3rdParty\cryptopp\rng.h">
      <Filter>3rdParty\cryptopp</Filter>
    </ClInclude>
    <ClInclude Include="3rdParty\cryptopp\rsa.h">
      <Filter>3rdParty\cryptopp</Filter>
    </ClInclude>
    <ClInclude Include="3rdParty\cryptopp\rw.h">
      <Filter>3rdParty\cryptopp</Filter>
    </ClInclude>
    <ClInclude Include="3rdParty\cryptopp\safer.h">
      <Filter>3rdParty\cryptopp</Filter>
    </ClInclude>
    <ClInclude Include="3rdParty\cryptopp\salsa.h">
      <Filter>3rdParty\cryptopp</Filter>
    </ClInclude>
    <ClInclude Include="3rdParty\cryptopp\seal.h">
      <Filter>3rdParty\cryptopp</Filter>
    </ClInclude>
    <ClInclude Include="3rdParty\cryptopp\secblock.h">
      <Filter>3rdParty\cryptopp</Filter>
    </ClInclude>
    <ClInclude Include="3rdParty\cryptopp\seckey.h">
      <Filter>3rdParty\cryptopp</Filter>
    </ClInclude>
    <ClInclude Include="3rdParty\cryptopp\seed.h">
      <Filter>3rdParty\cryptopp</Filter>
    </ClInclude>
    <ClInclude Include="3rdParty\cryptopp\serpent.h">
      <Filter>3rdParty\cryptopp</Filter>
    </ClInclude>
    <ClInclude Include="3rdParty\cryptopp\serpentp.h">
      <Filter>3rdParty\cryptopp</Filter>
    </ClInclude>
    <ClInclude Include="3rdParty\cryptopp\sha.h">
      <Filter>3rdParty\cryptopp</Filter>
    </ClInclude>
    <ClInclude Include="3rdParty\cryptopp\shacal2.h">
      <Filter>3rdParty\cryptopp</Filter>
    </ClInclude>
    <ClInclude Include="3rdParty\cryptopp\shark.h">
      <Filter>3rdParty\cryptopp</Filter>
    </ClInclude>
    <ClInclude Include="3rdParty\cryptopp\simple.h">
      <Filter>3rdParty\cryptopp</Filter>
    </ClInclude>
    <ClInclude Include="3rdParty\cryptopp\skipjack.h">
      <Filter>3rdParty\cryptopp</Filter>
    </ClInclude>
    <ClInclude Include="3rdParty\cryptopp\smartptr.h">
      <Filter>3rdParty\cryptopp</Filter>
    </ClInclude>
    <ClInclude Include="3rdParty\cryptopp\socketft.h">
      <Filter>3rdParty\cryptopp</Filter>
    </ClInclude>
    <ClInclude Include="3rdParty\cryptopp\sosemanuk.h">
      <Filter>3rdParty\cryptopp</Filter>
    </ClInclude>
    <ClInclude Include="3rdParty\cryptopp\square.h">
      <Filter>3rdParty\cryptopp</Filter>
    </ClInclude>
    <ClInclude Include="3rdParty\cryptopp\stdcpp.h">
      <Filter>3rdParty\cryptopp</Filter>
    </ClInclude>
    <ClInclude Include="3rdParty\cryptopp\strciphr.h">
      <Filter>3rdParty\cryptopp</Filter>
    </ClInclude>
    <ClInclude Include="3rdParty\cryptopp\tea.h">
      <Filter>3rdParty\cryptopp</Filter>
    </ClInclude>
    <ClInclude Include="3rdParty\cryptopp\tiger.h">
      <Filter>3rdParty\cryptopp</Filter>
    </ClInclude>
    <ClInclude Include="3rdParty\cryptopp\trdlocal.h">
      <Filter>3rdParty\cryptopp</Filter>
    </ClInclude>
    <ClInclude Include="3rdParty\cryptopp\trunhash.h">
      <Filter>3rdParty\cryptopp</Filter>
    </ClInclude>
    <ClInclude Include="3rdParty\cryptopp\ttmac.h">
      <Filter>3rdParty\cryptopp</Filter>
    </ClInclude>
    <ClInclude Include="3rdParty\cryptopp\twofish.h">
      <Filter>3rdParty\cryptopp</Filter>
    </ClInclude>
    <ClInclude Include="3rdParty\cryptopp\validate.h">
      <Filter>3rdParty\cryptopp</Filter>
    </ClInclude>
    <ClInclude Include="3rdParty\cryptopp\vmac.h">
      <Filter>3rdParty\cryptopp</Filter>
    </ClInclude>
    <ClInclude Include="3rdParty\cryptopp\wait.h">
      <Filter>3rdParty\cryptopp</Filter>
    </ClInclude>
    <ClInclude Include="3rdParty\cryptopp\wake.h">
      <Filter>3rdParty\cryptopp</Filter>
    </ClInclude>
    <ClInclude Include="3rdParty\cryptopp\whrlpool.h">
      <Filter>3rdParty\cryptopp</Filter>
    </ClInclude>
    <ClInclude Include="3rdParty\cryptopp\winpipes.h">
      <Filter>3rdParty\cryptopp</Filter>
    </ClInclude>
    <ClInclude Include="3rdParty\cryptopp\words.h">
      <Filter>3rdParty\cryptopp</Filter>
    </ClInclude>
    <ClInclude Include="3rdParty\cryptopp\xtr.h">
      <Filter>3rdParty\cryptopp</Filter>
    </ClInclude>
    <ClInclude Include="3rdParty\cryptopp\xtrcrypt.h">
      <Filter>3rdParty\cryptopp</Filter>
    </ClInclude>
    <ClInclude Include="3rdParty\cryptopp\zdeflate.h">
      <Filter>3rdParty\cryptopp</Filter>
    </ClInclude>
    <ClInclude Include="3rdParty\cryptopp\zinflate.h">
      <Filter>3rdParty\cryptopp</Filter>
    </ClInclude>
    <ClInclude Include="3rdParty\cryptopp\zlib.h">
      <Filter>3rdParty\cryptopp</Filter>
    </ClInclude>
    <ClInclude Include="authenticated_data_package.h" />
    <ClInclude Include="htmldlg.h">
      <Filter>WebCtrl</Filter>
    </ClInclude>
    <ClInclude Include="server_list_reordering.h" />
    <ClInclude Include="stopsignal.h" />
    <ClInclude Include="diagnostic_info.h" />
    <ClInclude Include="wininet_network_check.h" />
    <ClInclude Include="coretransport.h" />
    <ClInclude Include="logging.h" />
    <ClInclude Include="3rdParty\jsoncpp\json\json.h">
      <Filter>3rdParty\jsoncpp\json</Filter>
    </ClInclude>
    <ClInclude Include="3rdParty\jsoncpp\json\json-forwards.h">
      <Filter>3rdParty\jsoncpp\json</Filter>
    </ClInclude>
  </ItemGroup>
  <ItemGroup>
    <ResourceCompile Include="psiclient.rc" />
  </ItemGroup>
  <ItemGroup>
    <Filter Include="WebCtrl">
      <UniqueIdentifier>{9cab73d3-bc74-49ac-b02d-501929a49dd6}</UniqueIdentifier>
    </Filter>
    <Filter Include="UI">
      <UniqueIdentifier>{7d4a24ae-9f52-44b6-8849-5c893ad559b8}</UniqueIdentifier>
    </Filter>
    <Filter Include="3rdParty">
      <UniqueIdentifier>{be7fd6a6-10d9-466d-b2a4-1e4f7089e26c}</UniqueIdentifier>
    </Filter>
    <Filter Include="3rdParty\cryptopp">
      <UniqueIdentifier>{1983563a-6c6d-4741-9327-207e0bce70e0}</UniqueIdentifier>
    </Filter>
    <Filter Include="3rdParty\zlib">
      <UniqueIdentifier>{41e9db18-683d-474f-89e2-b80064cd2d5c}</UniqueIdentifier>
    </Filter>
    <Filter Include="3rdParty\jsoncpp">
      <UniqueIdentifier>{17f7eda6-291a-4d82-9051-77c3228f05dd}</UniqueIdentifier>
    </Filter>
    <Filter Include="3rdParty\jsoncpp\json">
      <UniqueIdentifier>{50104d07-2601-4ae5-9602-f6340013c2c8}</UniqueIdentifier>
    </Filter>
  </ItemGroup>
  <ItemGroup>
    <Image Include="psiclient.ico" />
    <Image Include="webui\flag_unknown_16.png">
      <Filter>UI</Filter>
    </Image>
    <Image Include="systray-stopped.ico" />
  </ItemGroup>
</Project>